
Microsoft Visual Studio Solution File, Format Version 12.00
# Visual Studio Version 17
VisualStudioVersion = 17.4.33213.308
MinimumVisualStudioVersion = 10.0.40219.1
Project("{FAE04EC0-301F-11D3-BF4B-00C04F79EFBC}") = "AdaptorPattern", "AdaptorPattern.csproj", "{4A6A3811-0138-4665-BAB0-9BDF6185D3DD}"
EndProject
Global
	GlobalSection(SolutionConfigurationPlatforms) = preSolution
		Debug|Any CPU = Debug|Any CPU
		Release|Any CPU = Release|Any CPU
	EndGlobalSection
	GlobalSection(ProjectConfigurationPlatforms) = postSolution
		{4A6A3811-0138-4665-BAB0-9BDF6185D3DD}.Debug|Any CPU.ActiveCfg = Debug|Any CPU
		{4A6A3811-0138-4665-BAB0-9BDF6185D3DD}.Debug|Any CPU.Build.0 = Debug|Any CPU
		{4A6A3811-0138-4665-BAB0-9BDF6185D3DD}.Release|Any CPU.ActiveCfg = Release|Any CPU
		{4A6A3811-0138-4665-BAB0-9BDF6185D3DD}.Release|Any CPU.Build.0 = Release|Any CPU
	EndGlobalSection
	GlobalSection(SolutionProperties) = preSolution
		HideSolutionNode = FALSE
	EndGlobalSection
	GlobalSection(ExtensibilityGlobals) = postSolution
		SolutionGuid = {E9EB53D6-8FEB-464A-8249-8FF92360A514}
	EndGlobalSection
EndGlobal
